{
  "name": "pebble-intervals-icu",
  "version": "0.1.0",
  "lockfileVersion": 3,
  "requires": true,
  "packages": {
    "": {
      "name": "pebble-intervals-icu",
      "version": "0.1.0",
      "dependencies": {
        "@rebble/clay": "^1.0.10",
        "base-64": "^1.0.0"
      }
    },
    "node_modules/@rebble/clay": {
      "version": "1.0.10",
      "license": "MIT"
    },
    "node_modules/base-64": {
      "version": "1.0.0",
      "license": "MIT"
    }
  }
}
